
Microsoft Visual Studio Solution File, Format Version 12.00
# Visual Studio Version 16
VisualStudioVersion = 16.0.30225.117
MinimumVisualStudioVersion = 10.0.40219.1
Project("{FAE04EC0-301F-11D3-BF4B-00C04F79EFBC}") = "MarshallAPI", "MarshallAPI.csproj", "{0D31EE79-9097-4DDA-BB82-47B963B1DAE0}"
EndProject
Global
	GlobalSection(SolutionConfigurationPlatforms) = preSolution
		Debug|Any CPU = Debug|Any CPU
		Release|Any CPU = Release|Any CPU
	EndGlobalSection
	GlobalSection(ProjectConfigurationPlatforms) = postSolution
		{0D31EE79-9097-4DDA-BB82-47B963B1DAE0}.Debug|Any CPU.ActiveCfg = Debug|Any CPU
		{0D31EE79-9097-4DDA-BB82-47B963B1DAE0}.Debug|Any CPU.Build.0 = Debug|Any CPU
		{0D31EE79-9097-4DDA-BB82-47B963B1DAE0}.Release|Any CPU.ActiveCfg = Release|Any CPU
		{0D31EE79-9097-4DDA-BB82-47B963B1DAE0}.Release|Any CPU.Build.0 = Release|Any CPU
	EndGlobalSection
	GlobalSection(SolutionProperties) = preSolution
		HideSolutionNode = FALSE
	EndGlobalSection
	GlobalSection(ExtensibilityGlobals) = postSolution
		SolutionGuid = {B7DA67F5-26F8-4245-A784-DD2BEEF600B5}
	EndGlobalSection
EndGlobal
